// !$*UTF8*$!
{
	archiveVersion = 1;
	classes = {
	};
	objectVersion = 56;
	objects = {

/* Begin PBXBuildFile section */
		70ACD42B2A96796800FC732A /* FeedLoaderWithFallbackCompositeTests.swift in Sources */ = {isa = PBXBuildFile; fileRef = 70ACD42A2A96796800FC732A /* FeedLoaderWithFallbackCompositeTests.swift */; };
		70ACD42D2A967A2E00FC732A /* FeedLoaderWithCallbackComposite.swift in Sources */ = {isa = PBXBuildFile; fileRef = 70ACD42C2A967A2E00FC732A /* FeedLoaderWithCallbackComposite.swift */; };
		70ACD42F2A967AAB00FC732A /* FeedImageDataLoaderWithFallbackCompositeTests.swift in Sources */ = {isa = PBXBuildFile; fileRef = 70ACD42E2A967AAB00FC732A /* FeedImageDataLoaderWithFallbackCompositeTests.swift */; };
		70ACD4312A967B6C00FC732A /* FeedImageDataLoaderWithFallbackComposite.swift in Sources */ = {isa = PBXBuildFile; fileRef = 70ACD4302A967B6C00FC732A /* FeedImageDataLoaderWithFallbackComposite.swift */; };
		70ACD4342A96840500FC732A /* XCTestCase+MemoryLeakTracking.swift in Sources */ = {isa = PBXBuildFile; fileRef = 70ACD4332A96840500FC732A /* XCTestCase+MemoryLeakTracking.swift */; };
		70ACD4362A96849000FC732A /* SharedTestHelpers.swift in Sources */ = {isa = PBXBuildFile; fileRef = 70ACD4352A96848F00FC732A /* SharedTestHelpers.swift */; };
		70ACD4382A97711600FC732A /* FeedLoaderCacheDecoratorTests.swift in Sources */ = {isa = PBXBuildFile; fileRef = 70ACD4372A97711600FC732A /* FeedLoaderCacheDecoratorTests.swift */; };
		70ACD43A2A9771FE00FC732A /* FeedLoaderStub.swift in Sources */ = {isa = PBXBuildFile; fileRef = 70ACD4392A9771FE00FC732A /* FeedLoaderStub.swift */; };
		70ACD43C2A97736300FC732A /* XCTestCase+FeedLoader.swift in Sources */ = {isa = PBXBuildFile; fileRef = 70ACD43B2A97736300FC732A /* XCTestCase+FeedLoader.swift */; };
		70C7DEAA2A9552EB0060E5C3 /* AppDelegate.swift in Sources */ = {isa = PBXBuildFile; fileRef = 70C7DEA92A9552EB0060E5C3 /* AppDelegate.swift */; };
		70C7DEAC2A9552EB0060E5C3 /* SceneDelegate.swift in Sources */ = {isa = PBXBuildFile; fileRef = 70C7DEAB2A9552EB0060E5C3 /* SceneDelegate.swift */; };
		70C7DEAE2A9552EB0060E5C3 /* ViewController.swift in Sources */ = {isa = PBXBuildFile; fileRef = 70C7DEAD2A9552EB0060E5C3 /* ViewController.swift */; };
		70C7DEB12A9552EB0060E5C3 /* Main.storyboard in Resources */ = {isa = PBXBuildFile; fileRef = 70C7DEAF2A9552EB0060E5C3 /* Main.storyboard */; };
		70C7DEB32A9552EF0060E5C3 /* Assets.xcassets in Resources */ = {isa = PBXBuildFile; fileRef = 70C7DEB22A9552EF0060E5C3 /* Assets.xcassets */; };
		70C7DEB62A9552EF0060E5C3 /* LaunchScreen.storyboard in Resources */ = {isa = PBXBuildFile; fileRef = 70C7DEB42A9552EF0060E5C3 /* LaunchScreen.storyboard */; };
		70C7DEDC2A95541A0060E5C3 /* EssentialFeed.framework in Frameworks */ = {isa = PBXBuildFile; fileRef = 70C7DEDA2A95541A0060E5C3 /* EssentialFeed.framework */; };
		70C7DEDD2A95541A0060E5C3 /* EssentialFeed.framework in Embed Frameworks */ = {isa = PBXBuildFile; fileRef = 70C7DEDA2A95541A0060E5C3 /* EssentialFeed.framework */; settings = {ATTRIBUTES = (CodeSignOnCopy, RemoveHeadersOnCopy, ); }; };
		70C7DEDE2A95541A0060E5C3 /* EssentialFeediOS.framework in Frameworks */ = {isa = PBXBuildFile; fileRef = 70C7DEDB2A95541A0060E5C3 /* EssentialFeediOS.framework */; };
		70C7DEDF2A95541A0060E5C3 /* EssentialFeediOS.framework in Embed Frameworks */ = {isa = PBXBuildFile; fileRef = 70C7DEDB2A95541A0060E5C3 /* EssentialFeediOS.framework */; settings = {ATTRIBUTES = (CodeSignOnCopy, RemoveHeadersOnCopy, ); }; };
/* End PBXBuildFile section */

/* Begin PBXContainerItemProxy section */
		70C7DEBD2A9552EF0060E5C3 /* PBXContainerItemProxy */ = {
			isa = PBXContainerItemProxy;
			containerPortal = 70C7DE9E2A9552EB0060E5C3 /* Project object */;
			proxyType = 1;
			remoteGlobalIDString = 70C7DEA52A9552EB0060E5C3;
			remoteInfo = EssentialApp;
		};
		70C7DEC72A9552EF0060E5C3 /* PBXContainerItemProxy */ = {
			isa = PBXContainerItemProxy;
			containerPortal = 70C7DE9E2A9552EB0060E5C3 /* Project object */;
			proxyType = 1;
			remoteGlobalIDString = 70C7DEA52A9552EB0060E5C3;
			remoteInfo = EssentialApp;
		};
/* End PBXContainerItemProxy section */

/* Begin PBXCopyFilesBuildPhase section */
		70C7DEE02A95541A0060E5C3 /* Embed Frameworks */ = {
			isa = PBXCopyFilesBuildPhase;
			buildActionMask = 2147483647;
			dstPath = "";
			dstSubfolderSpec = 10;
			files = (
				70C7DEDD2A95541A0060E5C3 /* EssentialFeed.framework in Embed Frameworks */,
				70C7DEDF2A95541A0060E5C3 /* EssentialFeediOS.framework in Embed Frameworks */,
			);
			name = "Embed Frameworks";
			runOnlyForDeploymentPostprocessing = 0;
		};
/* End PBXCopyFilesBuildPhase section */

/* Begin PBXFileReference section */
		70ACD42A2A96796800FC732A /* FeedLoaderWithFallbackCompositeTests.swift */ = {isa = PBXFileReference; lastKnownFileType = sourcecode.swift; path = FeedLoaderWithFallbackCompositeTests.swift; sourceTree = "<group>"; };
		70ACD42C2A967A2E00FC732A /* FeedLoaderWithCallbackComposite.swift */ = {isa = PBXFileReference; lastKnownFileType = sourcecode.swift; path = FeedLoaderWithCallbackComposite.swift; sourceTree = "<group>"; };
		70ACD42E2A967AAB00FC732A /* FeedImageDataLoaderWithFallbackCompositeTests.swift */ = {isa = PBXFileReference; lastKnownFileType = sourcecode.swift; path = FeedImageDataLoaderWithFallbackCompositeTests.swift; sourceTree = "<group>"; };
		70ACD4302A967B6C00FC732A /* FeedImageDataLoaderWithFallbackComposite.swift */ = {isa = PBXFileReference; lastKnownFileType = sourcecode.swift; path = FeedImageDataLoaderWithFallbackComposite.swift; sourceTree = "<group>"; };
		70ACD4332A96840500FC732A /* XCTestCase+MemoryLeakTracking.swift */ = {isa = PBXFileReference; lastKnownFileType = sourcecode.swift; path = "XCTestCase+MemoryLeakTracking.swift"; sourceTree = "<group>"; };
		70ACD4352A96848F00FC732A /* SharedTestHelpers.swift */ = {isa = PBXFileReference; lastKnownFileType = sourcecode.swift; path = SharedTestHelpers.swift; sourceTree = "<group>"; };
		70ACD4372A97711600FC732A /* FeedLoaderCacheDecoratorTests.swift */ = {isa = PBXFileReference; lastKnownFileType = sourcecode.swift; path = FeedLoaderCacheDecoratorTests.swift; sourceTree = "<group>"; };
		70ACD4392A9771FE00FC732A /* FeedLoaderStub.swift */ = {isa = PBXFileReference; lastKnownFileType = sourcecode.swift; path = FeedLoaderStub.swift; sourceTree = "<group>"; };
		70ACD43B2A97736300FC732A /* XCTestCase+FeedLoader.swift */ = {isa = PBXFileReference; lastKnownFileType = sourcecode.swift; path = "XCTestCase+FeedLoader.swift"; sourceTree = "<group>"; };
		70C7DEA62A9552EB0060E5C3 /* EssentialApp.app */ = {isa = PBXFileReference; explicitFileType = wrapper.application; includeInIndex = 0; path = EssentialApp.app; sourceTree = BUILT_PRODUCTS_DIR; };
		70C7DEA92A9552EB0060E5C3 /* AppDelegate.swift */ = {isa = PBXFileReference; lastKnownFileType = sourcecode.swift; path = AppDelegate.swift; sourceTree = "<group>"; };
		70C7DEAB2A9552EB0060E5C3 /* SceneDelegate.swift */ = {isa = PBXFileReference; lastKnownFileType = sourcecode.swift; path = SceneDelegate.swift; sourceTree = "<group>"; };
		70C7DEAD2A9552EB0060E5C3 /* ViewController.swift */ = {isa = PBXFileReference; lastKnownFileType = sourcecode.swift; path = ViewController.swift; sourceTree = "<group>"; };
		70C7DEB02A9552EB0060E5C3 /* Base */ = {isa = PBXFileReference; lastKnownFileType = file.storyboard; name = Base; path = Base.lproj/Main.storyboard; sourceTree = "<group>"; };
		70C7DEB22A9552EF0060E5C3 /* Assets.xcassets */ = {isa = PBXFileReference; lastKnownFileType = folder.assetcatalog; path = Assets.xcassets; sourceTree = "<group>"; };
		70C7DEB52A9552EF0060E5C3 /* Base */ = {isa = PBXFileReference; lastKnownFileType = file.storyboard; name = Base; path = Base.lproj/LaunchScreen.storyboard; sourceTree = "<group>"; };
		70C7DEB72A9552EF0060E5C3 /* Info.plist */ = {isa = PBXFileReference; lastKnownFileType = text.plist.xml; path = Info.plist; sourceTree = "<group>"; };
		70C7DEBC2A9552EF0060E5C3 /* EssentialAppTests.xctest */ = {isa = PBXFileReference; explicitFileType = wrapper.cfbundle; includeInIndex = 0; path = EssentialAppTests.xctest; sourceTree = BUILT_PRODUCTS_DIR; };
		70C7DEC62A9552EF0060E5C3 /* EssentialAppUITests.xctest */ = {isa = PBXFileReference; explicitFileType = wrapper.cfbundle; includeInIndex = 0; path = EssentialAppUITests.xctest; sourceTree = BUILT_PRODUCTS_DIR; };
		70C7DEDA2A95541A0060E5C3 /* EssentialFeed.framework */ = {isa = PBXFileReference; explicitFileType = wrapper.framework; path = EssentialFeed.framework; sourceTree = BUILT_PRODUCTS_DIR; };
		70C7DEDB2A95541A0060E5C3 /* EssentialFeediOS.framework */ = {isa = PBXFileReference; explicitFileType = wrapper.framework; path = EssentialFeediOS.framework; sourceTree = BUILT_PRODUCTS_DIR; };
/* End PBXFileReference section */

/* Begin PBXFrameworksBuildPhase section */
		70C7DEA32A9552EB0060E5C3 /* Frameworks */ = {
			isa = PBXFrameworksBuildPhase;
			buildActionMask = 2147483647;
			files = (
				70C7DEDC2A95541A0060E5C3 /* EssentialFeed.framework in Frameworks */,
				70C7DEDE2A95541A0060E5C3 /* EssentialFeediOS.framework in Frameworks */,
			);
			runOnlyForDeploymentPostprocessing = 0;
		};
		70C7DEB92A9552EF0060E5C3 /* Frameworks */ = {
			isa = PBXFrameworksBuildPhase;
			buildActionMask = 2147483647;
			files = (
			);
			runOnlyForDeploymentPostprocessing = 0;
		};
		70C7DEC32A9552EF0060E5C3 /* Frameworks */ = {
			isa = PBXFrameworksBuildPhase;
			buildActionMask = 2147483647;
			files = (
			);
			runOnlyForDeploymentPostprocessing = 0;
		};
/* End PBXFrameworksBuildPhase section */

/* Begin PBXGroup section */
		70ACD4322A9683EC00FC732A /* Helpers */ = {
			isa = PBXGroup;
			children = (
				70ACD4332A96840500FC732A /* XCTestCase+MemoryLeakTracking.swift */,
				70ACD4352A96848F00FC732A /* SharedTestHelpers.swift */,
				70ACD4392A9771FE00FC732A /* FeedLoaderStub.swift */,
				70ACD43B2A97736300FC732A /* XCTestCase+FeedLoader.swift */,
			);
			path = Helpers;
			sourceTree = "<group>";
		};
		70C7DE9D2A9552EB0060E5C3 = {
			isa = PBXGroup;
			children = (
				70C7DEA82A9552EB0060E5C3 /* EssentialApp */,
				70C7DEBF2A9552EF0060E5C3 /* EssentialAppTests */,
				70C7DEA72A9552EB0060E5C3 /* Products */,
				70C7DED92A95541A0060E5C3 /* Frameworks */,
			);
			sourceTree = "<group>";
		};
		70C7DEA72A9552EB0060E5C3 /* Products */ = {
			isa = PBXGroup;
			children = (
				70C7DEA62A9552EB0060E5C3 /* EssentialApp.app */,
				70C7DEBC2A9552EF0060E5C3 /* EssentialAppTests.xctest */,
				70C7DEC62A9552EF0060E5C3 /* EssentialAppUITests.xctest */,
			);
			name = Products;
			sourceTree = "<group>";
		};
		70C7DEA82A9552EB0060E5C3 /* EssentialApp */ = {
			isa = PBXGroup;
			children = (
				70C7DEA92A9552EB0060E5C3 /* AppDelegate.swift */,
				70C7DEAB2A9552EB0060E5C3 /* SceneDelegate.swift */,
				70C7DEAD2A9552EB0060E5C3 /* ViewController.swift */,
				70C7DEAF2A9552EB0060E5C3 /* Main.storyboard */,
				70C7DEB22A9552EF0060E5C3 /* Assets.xcassets */,
				70C7DEB42A9552EF0060E5C3 /* LaunchScreen.storyboard */,
				70C7DEB72A9552EF0060E5C3 /* Info.plist */,
				70ACD42C2A967A2E00FC732A /* FeedLoaderWithCallbackComposite.swift */,
				70ACD4302A967B6C00FC732A /* FeedImageDataLoaderWithFallbackComposite.swift */,
			);
			path = EssentialApp;
			sourceTree = "<group>";
		};
		70C7DEBF2A9552EF0060E5C3 /* EssentialAppTests */ = {
			isa = PBXGroup;
			children = (
				70ACD4322A9683EC00FC732A /* Helpers */,
				70ACD42A2A96796800FC732A /* FeedLoaderWithFallbackCompositeTests.swift */,
				70ACD42E2A967AAB00FC732A /* FeedImageDataLoaderWithFallbackCompositeTests.swift */,
				70ACD4372A97711600FC732A /* FeedLoaderCacheDecoratorTests.swift */,
			);
			path = EssentialAppTests;
			sourceTree = "<group>";
		};
		70C7DED92A95541A0060E5C3 /* Frameworks */ = {
			isa = PBXGroup;
			children = (
				70C7DEDA2A95541A0060E5C3 /* EssentialFeed.framework */,
				70C7DEDB2A95541A0060E5C3 /* EssentialFeediOS.framework */,
			);
			name = Frameworks;
			sourceTree = "<group>";
		};
/* End PBXGroup section */

/* Begin PBXNativeTarget section */
		70C7DEA52A9552EB0060E5C3 /* EssentialApp */ = {
			isa = PBXNativeTarget;
			buildConfigurationList = 70C7DED02A9552EF0060E5C3 /* Build configuration list for PBXNativeTarget "EssentialApp" */;
			buildPhases = (
				70C7DEA22A9552EB0060E5C3 /* Sources */,
				70C7DEA32A9552EB0060E5C3 /* Frameworks */,
				70C7DEA42A9552EB0060E5C3 /* Resources */,
				70C7DEE02A95541A0060E5C3 /* Embed Frameworks */,
			);
			buildRules = (
			);
			dependencies = (
			);
			name = EssentialApp;
			productName = EssentialApp;
			productReference = 70C7DEA62A9552EB0060E5C3 /* EssentialApp.app */;
			productType = "com.apple.product-type.application";
		};
		70C7DEBB2A9552EF0060E5C3 /* EssentialAppTests */ = {
			isa = PBXNativeTarget;
			buildConfigurationList = 70C7DED32A9552EF0060E5C3 /* Build configuration list for PBXNativeTarget "EssentialAppTests" */;
			buildPhases = (
				70C7DEB82A9552EF0060E5C3 /* Sources */,
				70C7DEB92A9552EF0060E5C3 /* Frameworks */,
				70C7DEBA2A9552EF0060E5C3 /* Resources */,
			);
			buildRules = (
			);
			dependencies = (
				70C7DEBE2A9552EF0060E5C3 /* PBXTargetDependency */,
			);
			name = EssentialAppTests;
			productName = EssentialAppTests;
			productReference = 70C7DEBC2A9552EF0060E5C3 /* EssentialAppTests.xctest */;
			productType = "com.apple.product-type.bundle.unit-test";
		};
		70C7DEC52A9552EF0060E5C3 /* EssentialAppUITests */ = {
			isa = PBXNativeTarget;
			buildConfigurationList = 70C7DED62A9552EF0060E5C3 /* Build configuration list for PBXNativeTarget "EssentialAppUITests" */;
			buildPhases = (
				70C7DEC22A9552EF0060E5C3 /* Sources */,
				70C7DEC32A9552EF0060E5C3 /* Frameworks */,
				70C7DEC42A9552EF0060E5C3 /* Resources */,
			);
			buildRules = (
			);
			dependencies = (
				70C7DEC82A9552EF0060E5C3 /* PBXTargetDependency */,
			);
			name = EssentialAppUITests;
			productName = EssentialAppUITests;
			productReference = 70C7DEC62A9552EF0060E5C3 /* EssentialAppUITests.xctest */;
			productType = "com.apple.product-type.bundle.ui-testing";
		};
/* End PBXNativeTarget section */

/* Begin PBXProject section */
		70C7DE9E2A9552EB0060E5C3 /* Project object */ = {
			isa = PBXProject;
			attributes = {
				BuildIndependentTargetsInParallel = 1;
				LastSwiftUpdateCheck = 1430;
				LastUpgradeCheck = 1430;
				TargetAttributes = {
					70C7DEA52A9552EB0060E5C3 = {
						CreatedOnToolsVersion = 14.3.1;
					};
					70C7DEBB2A9552EF0060E5C3 = {
						CreatedOnToolsVersion = 14.3.1;
						LastSwiftMigration = 1430;
						TestTargetID = 70C7DEA52A9552EB0060E5C3;
					};
					70C7DEC52A9552EF0060E5C3 = {
						CreatedOnToolsVersion = 14.3.1;
						TestTargetID = 70C7DEA52A9552EB0060E5C3;
					};
				};
			};
			buildConfigurationList = 70C7DEA12A9552EB0060E5C3 /* Build configuration list for PBXProject "EssentialApp" */;
			compatibilityVersion = "Xcode 14.0";
			developmentRegion = en;
			hasScannedForEncodings = 0;
			knownRegions = (
				en,
				Base,
			);
			mainGroup = 70C7DE9D2A9552EB0060E5C3;
			productRefGroup = 70C7DEA72A9552EB0060E5C3 /* Products */;
			projectDirPath = "";
			projectRoot = "";
			targets = (
				70C7DEA52A9552EB0060E5C3 /* EssentialApp */,
				70C7DEBB2A9552EF0060E5C3 /* EssentialAppTests */,
				70C7DEC52A9552EF0060E5C3 /* EssentialAppUITests */,
			);
		};
/* End PBXProject section */

/* Begin PBXResourcesBuildPhase section */
		70C7DEA42A9552EB0060E5C3 /* Resources */ = {
			isa = PBXResourcesBuildPhase;
			buildActionMask = 2147483647;
			files = (
				70C7DEB62A9552EF0060E5C3 /* LaunchScreen.storyboard in Resources */,
				70C7DEB32A9552EF0060E5C3 /* Assets.xcassets in Resources */,
				70C7DEB12A9552EB0060E5C3 /* Main.storyboard in Resources */,
			);
			runOnlyForDeploymentPostprocessing = 0;
		};
		70C7DEBA2A9552EF0060E5C3 /* Resources */ = {
			isa = PBXResourcesBuildPhase;
			buildActionMask = 2147483647;
			files = (
			);
			runOnlyForDeploymentPostprocessing = 0;
		};
		70C7DEC42A9552EF0060E5C3 /* Resources */ = {
			isa = PBXResourcesBuildPhase;
			buildActionMask = 2147483647;
			files = (
			);
			runOnlyForDeploymentPostprocessing = 0;
		};
/* End PBXResourcesBuildPhase section */

/* Begin PBXSourcesBuildPhase section */
		70C7DEA22A9552EB0060E5C3 /* Sources */ = {
			isa = PBXSourcesBuildPhase;
			buildActionMask = 2147483647;
			files = (
				70C7DEAE2A9552EB0060E5C3 /* ViewController.swift in Sources */,
				70C7DEAA2A9552EB0060E5C3 /* AppDelegate.swift in Sources */,
				70C7DEAC2A9552EB0060E5C3 /* SceneDelegate.swift in Sources */,
				70ACD42D2A967A2E00FC732A /* FeedLoaderWithCallbackComposite.swift in Sources */,
				70ACD4312A967B6C00FC732A /* FeedImageDataLoaderWithFallbackComposite.swift in Sources */,
			);
			runOnlyForDeploymentPostprocessing = 0;
		};
		70C7DEB82A9552EF0060E5C3 /* Sources */ = {
			isa = PBXSourcesBuildPhase;
			buildActionMask = 2147483647;
			files = (
				70ACD4362A96849000FC732A /* SharedTestHelpers.swift in Sources */,
				70ACD43C2A97736300FC732A /* XCTestCase+FeedLoader.swift in Sources */,
				70ACD42F2A967AAB00FC732A /* FeedImageDataLoaderWithFallbackCompositeTests.swift in Sources */,
				70ACD42B2A96796800FC732A /* FeedLoaderWithFallbackCompositeTests.swift in Sources */,
				70ACD4382A97711600FC732A /* FeedLoaderCacheDecoratorTests.swift in Sources */,
				70ACD43A2A9771FE00FC732A /* FeedLoaderStub.swift in Sources */,
				70ACD4342A96840500FC732A /* XCTestCase+MemoryLeakTracking.swift in Sources */,
			);
			runOnlyForDeploymentPostprocessing = 0;
		};
		70C7DEC22A9552EF0060E5C3 /* Sources */ = {
			isa = PBXSourcesBuildPhase;
			buildActionMask = 2147483647;
			files = (
			);
			runOnlyForDeploymentPostprocessing = 0;
		};
/* End PBXSourcesBuildPhase section */

/* Begin PBXTargetDependency section */
		70C7DEBE2A9552EF0060E5C3 /* PBXTargetDependency */ = {
			isa = PBXTargetDependency;
			target = 70C7DEA52A9552EB0060E5C3 /* EssentialApp */;
			targetProxy = 70C7DEBD2A9552EF0060E5C3 /* PBXContainerItemProxy */;
		};
		70C7DEC82A9552EF0060E5C3 /* PBXTargetDependency */ = {
			isa = PBXTargetDependency;
			target = 70C7DEA52A9552EB0060E5C3 /* EssentialApp */;
			targetProxy = 70C7DEC72A9552EF0060E5C3 /* PBXContainerItemProxy */;
		};
/* End PBXTargetDependency section */

/* Begin PBXVariantGroup section */
		70C7DEAF2A9552EB0060E5C3 /* Main.storyboard */ = {
			isa = PBXVariantGroup;
			children = (
				70C7DEB02A9552EB0060E5C3 /* Base */,
			);
			name = Main.storyboard;
			sourceTree = "<group>";
		};
		70C7DEB42A9552EF0060E5C3 /* LaunchScreen.storyboard */ = {
			isa = PBXVariantGroup;
			children = (
				70C7DEB52A9552EF0060E5C3 /* Base */,
			);
			name = LaunchScreen.storyboard;
			sourceTree = "<group>";
		};
/* End PBXVariantGroup section */

/* Begin XCBuildConfiguration section */
		70C7DECE2A9552EF0060E5C3 /* Debug */ = {
			isa = XCBuildConfiguration;
			buildSettings = {
				ALWAYS_SEARCH_USER_PATHS = NO;
				CLANG_ANALYZER_NONNULL = YES;
				CLANG_ANALYZER_NUMBER_OBJECT_CONVERSION = YES_AGGRESSIVE;
				CLANG_CXX_LANGUAGE_STANDARD = "gnu++20";
				CLANG_ENABLE_MODULES = YES;
				CLANG_ENABLE_OBJC_ARC = YES;
				CLANG_ENABLE_OBJC_WEAK = YES;
				CLANG_WARN_BLOCK_CAPTURE_AUTORELEASING = YES;
				CLANG_WARN_BOOL_CONVERSION = YES;
				CLANG_WARN_COMMA = YES;
				CLANG_WARN_CONSTANT_CONVERSION = YES;
				CLANG_WARN_DEPRECATED_OBJC_IMPLEMENTATIONS = YES;
				CLANG_WARN_DIRECT_OBJC_ISA_USAGE = YES_ERROR;
				CLANG_WARN_DOCUMENTATION_COMMENTS = YES;
				CLANG_WARN_EMPTY_BODY = YES;
				CLANG_WARN_ENUM_CONVERSION = YES;
				CLANG_WARN_INFINITE_RECURSION = YES;
				CLANG_WARN_INT_CONVERSION = YES;
				CLANG_WARN_NON_LITERAL_NULL_CONVERSION = YES;
				CLANG_WARN_OBJC_IMPLICIT_RETAIN_SELF = YES;
				CLANG_WARN_OBJC_LITERAL_CONVERSION = YES;
				CLANG_WARN_OBJC_ROOT_CLASS = YES_ERROR;
				CLANG_WARN_QUOTED_INCLUDE_IN_FRAMEWORK_HEADER = YES;
				CLANG_WARN_RANGE_LOOP_ANALYSIS = YES;
				CLANG_WARN_STRICT_PROTOTYPES = YES;
				CLANG_WARN_SUSPICIOUS_MOVE = YES;
				CLANG_WARN_UNGUARDED_AVAILABILITY = YES_AGGRESSIVE;
				CLANG_WARN_UNREACHABLE_CODE = YES;
				CLANG_WARN__DUPLICATE_METHOD_MATCH = YES;
				COPY_PHASE_STRIP = NO;
				DEBUG_INFORMATION_FORMAT = dwarf;
				ENABLE_STRICT_OBJC_MSGSEND = YES;
				ENABLE_TESTABILITY = YES;
				GCC_C_LANGUAGE_STANDARD = gnu11;
				GCC_DYNAMIC_NO_PIC = NO;
				GCC_NO_COMMON_BLOCKS = YES;
				GCC_OPTIMIZATION_LEVEL = 0;
				GCC_PREPROCESSOR_DEFINITIONS = (
					"DEBUG=1",
					"$(inherited)",
				);
				GCC_WARN_64_TO_32_BIT_CONVERSION = YES;
				GCC_WARN_ABOUT_RETURN_TYPE = YES_ERROR;
				GCC_WARN_UNDECLARED_SELECTOR = YES;
				GCC_WARN_UNINITIALIZED_AUTOS = YES_AGGRESSIVE;
				GCC_WARN_UNUSED_FUNCTION = YES;
				GCC_WARN_UNUSED_VARIABLE = YES;
				IPHONEOS_DEPLOYMENT_TARGET = 16.0;
				MTL_ENABLE_DEBUG_INFO = INCLUDE_SOURCE;
				MTL_FAST_MATH = YES;
				ONLY_ACTIVE_ARCH = YES;
				SDKROOT = iphoneos;
				SWIFT_ACTIVE_COMPILATION_CONDITIONS = DEBUG;
				SWIFT_OPTIMIZATION_LEVEL = "-Onone";
			};
			name = Debug;
		};
		70C7DECF2A9552EF0060E5C3 /* Release */ = {
			isa = XCBuildConfiguration;
			buildSettings = {
				ALWAYS_SEARCH_USER_PATHS = NO;
				CLANG_ANALYZER_NONNULL = YES;
				CLANG_ANALYZER_NUMBER_OBJECT_CONVERSION = YES_AGGRESSIVE;
				CLANG_CXX_LANGUAGE_STANDARD = "gnu++20";
				CLANG_ENABLE_MODULES = YES;
				CLANG_ENABLE_OBJC_ARC = YES;
				CLANG_ENABLE_OBJC_WEAK = YES;
				CLANG_WARN_BLOCK_CAPTURE_AUTORELEASING = YES;
				CLANG_WARN_BOOL_CONVERSION = YES;
				CLANG_WARN_COMMA = YES;
				CLANG_WARN_CONSTANT_CONVERSION = YES;
				CLANG_WARN_DEPRECATED_OBJC_IMPLEMENTATIONS = YES;
				CLANG_WARN_DIRECT_OBJC_ISA_USAGE = YES_ERROR;
				CLANG_WARN_DOCUMENTATION_COMMENTS = YES;
				CLANG_WARN_EMPTY_BODY = YES;
				CLANG_WARN_ENUM_CONVERSION = YES;
				CLANG_WARN_INFINITE_RECURSION = YES;
				CLANG_WARN_INT_CONVERSION = YES;
				CLANG_WARN_NON_LITERAL_NULL_CONVERSION = YES;
				CLANG_WARN_OBJC_IMPLICIT_RETAIN_SELF = YES;
				CLANG_WARN_OBJC_LITERAL_CONVERSION = YES;
				CLANG_WARN_OBJC_ROOT_CLASS = YES_ERROR;
				CLANG_WARN_QUOTED_INCLUDE_IN_FRAMEWORK_HEADER = YES;
				CLANG_WARN_RANGE_LOOP_ANALYSIS = YES;
				CLANG_WARN_STRICT_PROTOTYPES = YES;
				CLANG_WARN_SUSPICIOUS_MOVE = YES;
				CLANG_WARN_UNGUARDED_AVAILABILITY = YES_AGGRESSIVE;
				CLANG_WARN_UNREACHABLE_CODE = YES;
				CLANG_WARN__DUPLICATE_METHOD_MATCH = YES;
				COPY_PHASE_STRIP = NO;
				DEBUG_INFORMATION_FORMAT = "dwarf-with-dsym";
				ENABLE_NS_ASSERTIONS = NO;
				ENABLE_STRICT_OBJC_MSGSEND = YES;
				GCC_C_LANGUAGE_STANDARD = gnu11;
				GCC_NO_COMMON_BLOCKS = YES;
				GCC_WARN_64_TO_32_BIT_CONVERSION = YES;
				GCC_WARN_ABOUT_RETURN_TYPE = YES_ERROR;
				GCC_WARN_UNDECLARED_SELECTOR = YES;
				GCC_WARN_UNINITIALIZED_AUTOS = YES_AGGRESSIVE;
				GCC_WARN_UNUSED_FUNCTION = YES;
				GCC_WARN_UNUSED_VARIABLE = YES;
				IPHONEOS_DEPLOYMENT_TARGET = 16.0;
				MTL_ENABLE_DEBUG_INFO = NO;
				MTL_FAST_MATH = YES;
				SDKROOT = iphoneos;
				SWIFT_COMPILATION_MODE = wholemodule;
				SWIFT_OPTIMIZATION_LEVEL = "-O";
				VALIDATE_PRODUCT = YES;
			};
			name = Release;
		};
		70C7DED12A9552EF0060E5C3 /* Debug */ = {
			isa = XCBuildConfiguration;
			buildSettings = {
				ASSETCATALOG_COMPILER_APPICON_NAME = AppIcon;
				ASSETCATALOG_COMPILER_GLOBAL_ACCENT_COLOR_NAME = AccentColor;
				CODE_SIGN_STYLE = Automatic;
				CURRENT_PROJECT_VERSION = 1;
				DEVELOPMENT_TEAM = 8BL3Y5M34U;
				GENERATE_INFOPLIST_FILE = YES;
				INFOPLIST_FILE = EssentialApp/Info.plist;
				INFOPLIST_KEY_UIApplicationSupportsIndirectInputEvents = YES;
				INFOPLIST_KEY_UILaunchStoryboardName = LaunchScreen;
				INFOPLIST_KEY_UIMainStoryboardFile = Main;
				INFOPLIST_KEY_UISupportedInterfaceOrientations = UIInterfaceOrientationPortrait;
				LD_RUNPATH_SEARCH_PATHS = (
					"$(inherited)",
					"@executable_path/Frameworks",
				);
				MARKETING_VERSION = 1.0;
				PRODUCT_BUNDLE_IDENTIFIER = com.miledev.EssentialApp;
				PRODUCT_NAME = "$(TARGET_NAME)";
				SWIFT_EMIT_LOC_STRINGS = YES;
				SWIFT_VERSION = 5.0;
				TARGETED_DEVICE_FAMILY = "1,2";
			};
			name = Debug;
		};
		70C7DED22A9552EF0060E5C3 /* Release */ = {
			isa = XCBuildConfiguration;
			buildSettings = {
				ASSETCATALOG_COMPILER_APPICON_NAME = AppIcon;
				ASSETCATALOG_COMPILER_GLOBAL_ACCENT_COLOR_NAME = AccentColor;
				CODE_SIGN_STYLE = Automatic;
				CURRENT_PROJECT_VERSION = 1;
				DEVELOPMENT_TEAM = 8BL3Y5M34U;
				GENERATE_INFOPLIST_FILE = YES;
				INFOPLIST_FILE = EssentialApp/Info.plist;
				INFOPLIST_KEY_UIApplicationSupportsIndirectInputEvents = YES;
				INFOPLIST_KEY_UILaunchStoryboardName = LaunchScreen;
				INFOPLIST_KEY_UIMainStoryboardFile = Main;
				INFOPLIST_KEY_UISupportedInterfaceOrientations = UIInterfaceOrientationPortrait;
				LD_RUNPATH_SEARCH_PATHS = (
					"$(inherited)",
					"@executable_path/Frameworks",
				);
				MARKETING_VERSION = 1.0;
				PRODUCT_BUNDLE_IDENTIFIER = com.miledev.EssentialApp;
				PRODUCT_NAME = "$(TARGET_NAME)";
				SWIFT_EMIT_LOC_STRINGS = YES;
				SWIFT_VERSION = 5.0;
				TARGETED_DEVICE_FAMILY = "1,2";
			};
			name = Release;
		};
		70C7DED42A9552EF0060E5C3 /* Debug */ = {
			isa = XCBuildConfiguration;
			buildSettings = {
				ALWAYS_EMBED_SWIFT_STANDARD_LIBRARIES = YES;
				BUNDLE_LOADER = "$(TEST_HOST)";
				CLANG_ENABLE_MODULES = YES;
				CODE_SIGN_STYLE = Automatic;
				CURRENT_PROJECT_VERSION = 1;
				DEVELOPMENT_TEAM = 8BL3Y5M34U;
				GENERATE_INFOPLIST_FILE = YES;
				IPHONEOS_DEPLOYMENT_TARGET = 16.0;
				MARKETING_VERSION = 1.0;
				PRODUCT_BUNDLE_IDENTIFIER = com.miledev.EssentialAppTests;
				PRODUCT_NAME = "$(TARGET_NAME)";
				SWIFT_EMIT_LOC_STRINGS = NO;
				SWIFT_OPTIMIZATION_LEVEL = "-Onone";
				SWIFT_VERSION = 5.0;
				TARGETED_DEVICE_FAMILY = "1,2";
				TEST_HOST = "$(BUILT_PRODUCTS_DIR)/EssentialApp.app/$(BUNDLE_EXECUTABLE_FOLDER_PATH)/EssentialApp";
			};
			name = Debug;
		};
		70C7DED52A9552EF0060E5C3 /* Release */ = {
			isa = XCBuildConfiguration;
			buildSettings = {
				ALWAYS_EMBED_SWIFT_STANDARD_LIBRARIES = YES;
				BUNDLE_LOADER = "$(TEST_HOST)";
				CLANG_ENABLE_MODULES = YES;
				CODE_SIGN_STYLE = Automatic;
				CURRENT_PROJECT_VERSION = 1;
				DEVELOPMENT_TEAM = 8BL3Y5M34U;
				GENERATE_INFOPLIST_FILE = YES;
				IPHONEOS_DEPLOYMENT_TARGET = 16.0;
				MARKETING_VERSION = 1.0;
				PRODUCT_BUNDLE_IDENTIFIER = com.miledev.EssentialAppTests;
				PRODUCT_NAME = "$(TARGET_NAME)";
				SWIFT_EMIT_LOC_STRINGS = NO;
				SWIFT_VERSION = 5.0;
				TARGETED_DEVICE_FAMILY = "1,2";
				TEST_HOST = "$(BUILT_PRODUCTS_DIR)/EssentialApp.app/$(BUNDLE_EXECUTABLE_FOLDER_PATH)/EssentialApp";
			};
			name = Release;
		};
		70C7DED72A9552EF0060E5C3 /* Debug */ = {
			isa = XCBuildConfiguration;
			buildSettings = {
				ALWAYS_EMBED_SWIFT_STANDARD_LIBRARIES = YES;
				CODE_SIGN_STYLE = Automatic;
				CURRENT_PROJECT_VERSION = 1;
				DEVELOPMENT_TEAM = 8BL3Y5M34U;
				GENERATE_INFOPLIST_FILE = YES;
				MARKETING_VERSION = 1.0;
				PRODUCT_BUNDLE_IDENTIFIER = com.miledev.EssentialAppUITests;
				PRODUCT_NAME = "$(TARGET_NAME)";
				SWIFT_EMIT_LOC_STRINGS = NO;
				SWIFT_VERSION = 5.0;
				TARGETED_DEVICE_FAMILY = "1,2";
				TEST_TARGET_NAME = EssentialApp;
			};
			name = Debug;
		};
		70C7DED82A9552EF0060E5C3 /* Release */ = {
			isa = XCBuildConfiguration;
			buildSettings = {
				ALWAYS_EMBED_SWIFT_STANDARD_LIBRARIES = YES;
				CODE_SIGN_STYLE = Automatic;
				CURRENT_PROJECT_VERSION = 1;
				DEVELOPMENT_TEAM = 8BL3Y5M34U;
				GENERATE_INFOPLIST_FILE = YES;
				MARKETING_VERSION = 1.0;
				PRODUCT_BUNDLE_IDENTIFIER = com.miledev.EssentialAppUITests;
				PRODUCT_NAME = "$(TARGET_NAME)";
				SWIFT_EMIT_LOC_STRINGS = NO;
				SWIFT_VERSION = 5.0;
				TARGETED_DEVICE_FAMILY = "1,2";
				TEST_TARGET_NAME = EssentialApp;
			};
			name = Release;
		};
/* End XCBuildConfiguration section */

/* Begin XCConfigurationList section */
		70C7DEA12A9552EB0060E5C3 /* Build configuration list for PBXProject "EssentialApp" */ = {
			isa = XCConfigurationList;
			buildConfigurations = (
				70C7DECE2A9552EF0060E5C3 /* Debug */,
				70C7DECF2A9552EF0060E5C3 /* Release */,
			);
			defaultConfigurationIsVisible = 0;
			defaultConfigurationName = Release;
		};
		70C7DED02A9552EF0060E5C3 /* Build configuration list for PBXNativeTarget "EssentialApp" */ = {
			isa = XCConfigurationList;
			buildConfigurations = (
				70C7DED12A9552EF0060E5C3 /* Debug */,
				70C7DED22A9552EF0060E5C3 /* Release */,
			);
			defaultConfigurationIsVisible = 0;
			defaultConfigurationName = Release;
		};
		70C7DED32A9552EF0060E5C3 /* Build configuration list for PBXNativeTarget "EssentialAppTests" */ = {
			isa = XCConfigurationList;
			buildConfigurations = (
				70C7DED42A9552EF0060E5C3 /* Debug */,
				70C7DED52A9552EF0060E5C3 /* Release */,
			);
			defaultConfigurationIsVisible = 0;
			defaultConfigurationName = Release;
		};
		70C7DED62A9552EF0060E5C3 /* Build configuration list for PBXNativeTarget "EssentialAppUITests" */ = {
			isa = XCConfigurationList;
			buildConfigurations = (
				70C7DED72A9552EF0060E5C3 /* Debug */,
				70C7DED82A9552EF0060E5C3 /* Release */,
			);
			defaultConfigurationIsVisible = 0;
			defaultConfigurationName = Release;
		};
/* End XCConfigurationList section */
	};
	rootObject = 70C7DE9E2A9552EB0060E5C3 /* Project object */;
}
